<Solution>
  <Project Path="Abstracciones/Abstracciones.csproj" />
  <Project Path="API/API.csproj" />
  <Project Path="BD/BD.sqlproj" Id="237151e3-fd41-4d9a-922a-5cc19a66f5ed">
    <Build />
    <Deploy />
  </Project>
  <Project Path="DA/DA.csproj" />
  <Project Path="Flujo/Flujo.csproj" />
  <Project Path="Hashes/Hashes.csproj" Id="647ed15e-1ee5-413d-a88e-74fedd390dc0" />
  <Project Path="Servicios/Servicios.csproj" />
</Solution>
